{
  "name": "final-assessment",
  "lockfileVersion": 3,
  "requires": true,
  "packages": {
    "": {
      "dependencies": {
        "string-o-matic": "^1.0.1",
        "ticktalk": "^1.0.0"
      },
      "devDependencies": {
        "@types/node": "^20.8.0",
        "typescript": "^4.9.5"
      }
    },
    "node_modules/@types/node": {
      "version": "20.8.0",
      "resolved": "https://registry.npmjs.org/@types/node/-/node-20.8.0.tgz",
      "integrity": "sha512-LzcWltT83s1bthcvjBmiBvGJiiUe84NWRHkw+ZV6Fr41z2FbIzvc815dk2nQ3RAKMuN2fkenM/z3Xv2QzEpYxQ==",
      "dev": true
    },
    "node_modules/string-o-matic": {
      "version": "1.0.1",
      "resolved": "https://registry.npmjs.org/string-o-matic/-/string-o-matic-1.0.1.tgz",
      "integrity": "sha512-E90HE2r5T9bzqFf0+ekq+qnc2nRtRYG0JlQmiT3dxauWPZzEkc3tM7bchK5d1DYG7w68WDYw/ZOKR2kFFFvjdA=="
    },
    "node_modules/ticktalk": {
      "version": "1.0.0",
      "resolved": "https://registry.npmjs.org/ticktalk/-/ticktalk-1.0.0.tgz",
      "integrity": "sha512-pN/JYWm972a2h3ncZy0i7PukptvzL1cjouDF2BCJIy/8Cslhz8UZzlP25YWfG3ivIiNQgF64OecwWQOkv4HOzQ=="
    },
    "node_modules/typescript": {
      "version": "4.9.5",
      "resolved": "https://registry.npmjs.org/typescript/-/typescript-4.9.5.tgz",
      "integrity": "sha512-1FXk9E2Hm+QzZQ7z+McJiHL4NW1F2EzMu9Nq9i3zAaGqibafqYwCVU6WyWAuyQRRzOlxou8xZSyXLEN8oKj24g==",
      "dev": true,
      "bin": {
        "tsc": "bin/tsc",
        "tsserver": "bin/tsserver"
      },
      "engines": {
        "node": ">=4.2.0"
      }
    }
  }
}
